<?xml version="1.0" encoding="utf-8"?>
<Project ToolsVersion="4.0" xmlns="http://schemas.microsoft.com/developer/msbuild/2003">
  <ItemGroup>
    <ClCompile Include="p2Log.cpp">
      <Filter>Tools</Filter>
    </ClCompile>
    <ClCompile Include="PugiXml\src\pugixml.cpp">
      <Filter>Tools\pugiXML</Filter>
    </ClCompile>
    <ClCompile Include="Main.cpp">
      <Filter>Source</Filter>
    </ClCompile>
    <ClCompile Include="DevRookiesApp.cpp">
      <Filter>Source</Filter>
    </ClCompile>
    <ClCompile Include="Scene.cpp">
      <Filter>Scenes</Filter>
    </ClCompile>
    <ClCompile Include="SceneManager.cpp">
      <Filter>Scenes</Filter>
    </ClCompile>
    <ClCompile Include="Audio.cpp">
      <Filter>Modules\App</Filter>
    </ClCompile>
    <ClCompile Include="Collision.cpp">
      <Filter>Modules\App</Filter>
    </ClCompile>
    <ClCompile Include="Input.cpp">
      <Filter>Modules\App</Filter>
    </ClCompile>
    <ClCompile Include="Map.cpp">
      <Filter>Modules\App</Filter>
    </ClCompile>
    <ClCompile Include="Pathfinding.cpp">
      <Filter>Modules\App</Filter>
    </ClCompile>
    <ClCompile Include="Render.cpp">
      <Filter>Modules\App</Filter>
    </ClCompile>
    <ClCompile Include="Textures.cpp">
      <Filter>Modules\App</Filter>
    </ClCompile>
    <ClCompile Include="Window.cpp">
      <Filter>Modules\App</Filter>
    </ClCompile>
    <ClCompile Include="PerfTimer.cpp">
      <Filter>Tools\FPS Control</Filter>
    </ClCompile>
    <ClCompile Include="Timer.cpp">
      <Filter>Tools\FPS Control</Filter>
    </ClCompile>
    <ClCompile Include="OfficerSkeleton.cpp">
      <Filter>Entities\Enemies</Filter>
    </ClCompile>
    <ClCompile Include="JrGargoyle.cpp">
      <Filter>Entities\Enemies</Filter>
    </ClCompile>
    <ClCompile Include="Player.cpp">
      <Filter>Entities</Filter>
    </ClCompile>
    <ClCompile Include="Entity.cpp">
      <Filter>Entities</Filter>
    </ClCompile>
    <ClCompile Include="EntityManager.cpp">
      <Filter>Modules\App</Filter>
    </ClCompile>
    <ClCompile Include="Enemy.cpp">
      <Filter>Entities\Enemies</Filter>
    </ClCompile>
    <ClCompile Include="Fonts.cpp">
      <Filter>Modules\App</Filter>
    </ClCompile>
    <ClCompile Include="GUIManager.cpp">
      <Filter>Modules\App</Filter>
    </ClCompile>
    <ClCompile Include="GUIElement.cpp">
      <Filter>GUI</Filter>
    </ClCompile>
    <ClCompile Include="GUIImage.cpp">
      <Filter>GUI</Filter>
    </ClCompile>
    <ClCompile Include="GUIButton.cpp">
      <Filter>GUI</Filter>
    </ClCompile>
    <ClCompile Include="GUILabel.cpp">
      <Filter>GUI</Filter>
    </ClCompile>
    <ClCompile Include="GUISlider.cpp">
      <Filter>GUI</Filter>
    </ClCompile>
    <ClCompile Include="GUISlider.h">
      <Filter>GUI</Filter>
    </ClCompile>
    <ClCompile Include="Coin.cpp">
      <Filter>Entities\Enemies</Filter>
    </ClCompile>
  </ItemGroup>
  <ItemGroup>
    <ClInclude Include="p2Defs.h">
      <Filter>Tools</Filter>
    </ClInclude>
    <ClInclude Include="p2DynArray.h">
      <Filter>Tools</Filter>
    </ClInclude>
    <ClInclude Include="p2List.h">
      <Filter>Tools</Filter>
    </ClInclude>
    <ClInclude Include="p2Log.h">
      <Filter>Tools</Filter>
    </ClInclude>
    <ClInclude Include="p2Point.h">
      <Filter>Tools</Filter>
    </ClInclude>
    <ClInclude Include="p2SString.h">
      <Filter>Tools</Filter>
    </ClInclude>
    <ClInclude Include="PugiXml\src\pugiconfig.hpp">
      <Filter>Tools\pugiXML</Filter>
    </ClInclude>
    <ClInclude Include="PugiXml\src\pugixml.hpp">
      <Filter>Tools\pugiXML</Filter>
    </ClInclude>
    <ClInclude Include="Audio.h">
      <Filter>Modules\Headers</Filter>
    </ClInclude>
    <ClInclude Include="Input.h">
      <Filter>Modules\Headers</Filter>
    </ClInclude>
    <ClInclude Include="Map.h">
      <Filter>Modules\Headers</Filter>
    </ClInclude>
    <ClInclude Include="Render.h">
      <Filter>Modules\Headers</Filter>
    </ClInclude>
    <ClInclude Include="Textures.h">
      <Filter>Modules\Headers</Filter>
    </ClInclude>
    <ClInclude Include="Window.h">
      <Filter>Modules\Headers</Filter>
    </ClInclude>
    <ClInclude Include="Module.h">
      <Filter>Source</Filter>
    </ClInclude>
    <ClInclude Include="DevRookiesApp.h">
      <Filter>Source</Filter>
    </ClInclude>
    <ClInclude Include="Animation.h">
      <Filter>Modules\Headers</Filter>
    </ClInclude>
    <ClInclude Include="Scene.h">
      <Filter>Scenes</Filter>
    </ClInclude>
    <ClInclude Include="SceneManager.h">
      <Filter>Scenes</Filter>
    </ClInclude>
    <ClInclude Include="Collision.h">
      <Filter>Modules\Headers</Filter>
    </ClInclude>
    <ClInclude Include="PerfTimer.h">
      <Filter>Tools\FPS Control</Filter>
    </ClInclude>
    <ClInclude Include="Timer.h">
      <Filter>Tools\FPS Control</Filter>
    </ClInclude>
    <ClInclude Include="Pathfinding.h">
      <Filter>Modules\Headers</Filter>
    </ClInclude>
    <ClInclude Include="OfficerSkeleton.h">
      <Filter>Entities\Enemies</Filter>
    </ClInclude>
    <ClInclude Include="JrGargoyle.h">
      <Filter>Entities\Enemies</Filter>
    </ClInclude>
    <ClInclude Include="Player.h">
      <Filter>Entities</Filter>
    </ClInclude>
    <ClInclude Include="Entity.h">
      <Filter>Entities</Filter>
    </ClInclude>
    <ClInclude Include="EntityManager.h">
      <Filter>Modules\Headers</Filter>
    </ClInclude>
    <ClInclude Include="Enemy.h">
      <Filter>Entities\Enemies</Filter>
    </ClInclude>
    <ClInclude Include="Fonts.h">
      <Filter>Modules\Headers</Filter>
    </ClInclude>
    <ClInclude Include="GUIManager.h">
      <Filter>Modules\Headers</Filter>
    </ClInclude>
    <ClInclude Include="GUIElement.h">
      <Filter>GUI</Filter>
    </ClInclude>
    <ClInclude Include="GUIImage.h">
      <Filter>GUI</Filter>
    </ClInclude>
    <ClInclude Include="GUIButton.h">
      <Filter>GUI</Filter>
    </ClInclude>
    <ClInclude Include="GUILabel.h">
      <Filter>GUI</Filter>
    </ClInclude>
    <ClInclude Include="Coin.h">
      <Filter>Entities\Enemies</Filter>
    </ClInclude>
  </ItemGroup>
  <ItemGroup>
    <Filter Include="Tools">
      <UniqueIdentifier>{3cf9eb6d-91e6-4aa9-981d-6b31546c8381}</UniqueIdentifier>
    </Filter>
    <Filter Include="Tools\pugiXML">
      <UniqueIdentifier>{349f3b33-1910-43df-ae85-16e358e98780}</UniqueIdentifier>
    </Filter>
    <Filter Include="Modules">
      <UniqueIdentifier>{e5742705-5432-4993-9809-d22c29b7e2b2}</UniqueIdentifier>
    </Filter>
    <Filter Include="Modules\Headers">
      <UniqueIdentifier>{e9226e77-ce0c-47b6-8743-d695190a6ccf}</UniqueIdentifier>
    </Filter>
    <Filter Include="Source">
      <UniqueIdentifier>{8edbdc1a-a0fe-40e1-b989-822874b99c38}</UniqueIdentifier>
    </Filter>
    <Filter Include="Scenes">
      <UniqueIdentifier>{7676830c-ad0c-4efc-b073-591fdb7550c7}</UniqueIdentifier>
    </Filter>
    <Filter Include="Modules\App">
      <UniqueIdentifier>{081b04c1-acd4-41dd-900f-a8a66614e10a}</UniqueIdentifier>
    </Filter>
    <Filter Include="Tools\FPS Control">
      <UniqueIdentifier>{7719be26-4112-4c17-9f65-a5b4dc991bc3}</UniqueIdentifier>
    </Filter>
    <Filter Include="Entities">
      <UniqueIdentifier>{f5686552-392d-4578-8c56-4e09da79563a}</UniqueIdentifier>
    </Filter>
    <Filter Include="Entities\Enemies">
      <UniqueIdentifier>{50895f79-5364-4090-adc6-3b9f5a872464}</UniqueIdentifier>
    </Filter>
    <Filter Include="GUI">
      <UniqueIdentifier>{783b283e-085c-4f2a-a4be-8d3b677ea9cd}</UniqueIdentifier>
    </Filter>
  </ItemGroup>
</Project>